
Microsoft Visual Studio Solution File, Format Version 12.00
# Visual Studio Version 17
VisualStudioVersion = 17.5.002.0
MinimumVisualStudioVersion = 10.0.40219.1
Project("{9A19103F-16F7-4668-BE54-9A1E7A4F7556}") = "Learning02", "Learning02.csproj", "{80CAFB17-1CA1-41DE-966C-BAC0EA552413}"
EndProject
Global
	GlobalSection(SolutionConfigurationPlatforms) = preSolution
		Debug|Any CPU = Debug|Any CPU
		Release|Any CPU = Release|Any CPU
	EndGlobalSection
	GlobalSection(ProjectConfigurationPlatforms) = postSolution
		{80CAFB17-1CA1-41DE-966C-BAC0EA552413}.Debug|Any CPU.ActiveCfg = Debug|Any CPU
		{80CAFB17-1CA1-41DE-966C-BAC0EA552413}.Debug|Any CPU.Build.0 = Debug|Any CPU
		{80CAFB17-1CA1-41DE-966C-BAC0EA552413}.Release|Any CPU.ActiveCfg = Release|Any CPU
		{80CAFB17-1CA1-41DE-966C-BAC0EA552413}.Release|Any CPU.Build.0 = Release|Any CPU
	EndGlobalSection
	GlobalSection(SolutionProperties) = preSolution
		HideSolutionNode = FALSE
	EndGlobalSection
	GlobalSection(ExtensibilityGlobals) = postSolution
		SolutionGuid = {E8B0F61A-B89B-4098-8C78-BD013FD1C337}
	EndGlobalSection
EndGlobal
